// !$*UTF8*$!
{
	archiveVersion = 1;
	classes = {
	};
	objectVersion = 50;
	objects = {

/* Begin PBXBuildFile section */
		190D1BC324ABA4720000EB2E /* CustomTextProperties.swift in Sources */ = {isa = PBXBuildFile; fileRef = 190D1BC224ABA4720000EB2E /* CustomTextProperties.swift */; };
		19517A7424A4198E00BEBD25 /* CreditCard.swift in Sources */ = {isa = PBXBuildFile; fileRef = 19517A7324A4198E00BEBD25 /* CreditCard.swift */; };
		19517A7624A423EC00BEBD25 /* StringProtocolEX.swift in Sources */ = {isa = PBXBuildFile; fileRef = 19517A7524A423EC00BEBD25 /* StringProtocolEX.swift */; };
		19517A7824A4264100BEBD25 /* SequenceEX.swift in Sources */ = {isa = PBXBuildFile; fileRef = 19517A7724A4264100BEBD25 /* SequenceEX.swift */; };
		19517A7B24A647E600BEBD25 /* PhoneNumber.swift in Sources */ = {isa = PBXBuildFile; fileRef = 19517A7A24A647E600BEBD25 /* PhoneNumber.swift */; };
		19517A7D24A647F900BEBD25 /* TextFieldType.swift in Sources */ = {isa = PBXBuildFile; fileRef = 19517A7C24A647F900BEBD25 /* TextFieldType.swift */; };
		19517A7F24A6532F00BEBD25 /* CustomText.swift in Sources */ = {isa = PBXBuildFile; fileRef = 19517A7E24A6532F00BEBD25 /* CustomText.swift */; };
		19517A8224A68D3700BEBD25 /* CreditCardMock.swift in Sources */ = {isa = PBXBuildFile; fileRef = 19517A8124A68D3700BEBD25 /* CreditCardMock.swift */; };
		19517A8424A68EF800BEBD25 /* CreditCardTests.swift in Sources */ = {isa = PBXBuildFile; fileRef = 19517A8324A68EF800BEBD25 /* CreditCardTests.swift */; };
		19517A8724A6D98E00BEBD25 /* CreditCardType.swift in Sources */ = {isa = PBXBuildFile; fileRef = 19517A8624A6D98E00BEBD25 /* CreditCardType.swift */; };
		19517A8924A6D9AF00BEBD25 /* CreditCardManager.swift in Sources */ = {isa = PBXBuildFile; fileRef = 19517A8824A6D9AF00BEBD25 /* CreditCardManager.swift */; };
		19A76D8424B3E0B600E23919 /* TextFieldContainer.swift in Sources */ = {isa = PBXBuildFile; fileRef = 19A76D8324B3E0B600E23919 /* TextFieldContainer.swift */; };
		19A76D8624B3FC8800E23919 /* FieldType.swift in Sources */ = {isa = PBXBuildFile; fileRef = 19A76D8524B3FC8800E23919 /* FieldType.swift */; };
		19A992C4249BF5A90057CDF2 /* AppDelegate.swift in Sources */ = {isa = PBXBuildFile; fileRef = 19A992C3249BF5A90057CDF2 /* AppDelegate.swift */; };
		19A992C6249BF5A90057CDF2 /* SceneDelegate.swift in Sources */ = {isa = PBXBuildFile; fileRef = 19A992C5249BF5A90057CDF2 /* SceneDelegate.swift */; };
		19A992C8249BF5A90057CDF2 /* ContentView.swift in Sources */ = {isa = PBXBuildFile; fileRef = 19A992C7249BF5A90057CDF2 /* ContentView.swift */; };
		19A992CA249BF5AD0057CDF2 /* Assets.xcassets in Resources */ = {isa = PBXBuildFile; fileRef = 19A992C9249BF5AD0057CDF2 /* Assets.xcassets */; };
		19A992CD249BF5AD0057CDF2 /* Preview Assets.xcassets in Resources */ = {isa = PBXBuildFile; fileRef = 19A992CC249BF5AD0057CDF2 /* Preview Assets.xcassets */; };
		19A992D0249BF5AD0057CDF2 /* LaunchScreen.storyboard in Resources */ = {isa = PBXBuildFile; fileRef = 19A992CE249BF5AD0057CDF2 /* LaunchScreen.storyboard */; };
		19A992DB249BF5AD0057CDF2 /* ZorroTests.swift in Sources */ = {isa = PBXBuildFile; fileRef = 19A992DA249BF5AD0057CDF2 /* ZorroTests.swift */; };
		19A992E6249BF5AD0057CDF2 /* ZorroUITests.swift in Sources */ = {isa = PBXBuildFile; fileRef = 19A992E5249BF5AD0057CDF2 /* ZorroUITests.swift */; };
		19A992F4249BF98B0057CDF2 /* MaskedTextField.swift in Sources */ = {isa = PBXBuildFile; fileRef = 19A992F3249BF98B0057CDF2 /* MaskedTextField.swift */; };
		19A992F6249BFFD10057CDF2 /* TextFieldValidator.swift in Sources */ = {isa = PBXBuildFile; fileRef = 19A992F5249BFFD10057CDF2 /* TextFieldValidator.swift */; };
		19DB5B4824A920CE00E2C498 /* MockCreditCardData.swift in Sources */ = {isa = PBXBuildFile; fileRef = 19DB5B4724A920CE00E2C498 /* MockCreditCardData.swift */; };
/* End PBXBuildFile section */

/* Begin PBXContainerItemProxy section */
		19A992D7249BF5AD0057CDF2 /* PBXContainerItemProxy */ = {
			isa = PBXContainerItemProxy;
			containerPortal = 19A992B8249BF5A90057CDF2 /* Project object */;
			proxyType = 1;
			remoteGlobalIDString = 19A992BF249BF5A90057CDF2;
			remoteInfo = Zorro;
		};
		19A992E2249BF5AD0057CDF2 /* PBXContainerItemProxy */ = {
			isa = PBXContainerItemProxy;
			containerPortal = 19A992B8249BF5A90057CDF2 /* Project object */;
			proxyType = 1;
			remoteGlobalIDString = 19A992BF249BF5A90057CDF2;
			remoteInfo = Zorro;
		};
/* End PBXContainerItemProxy section */

/* Begin PBXFileReference section */
		190D1BC224ABA4720000EB2E /* CustomTextProperties.swift */ = {isa = PBXFileReference; lastKnownFileType = sourcecode.swift; path = CustomTextProperties.swift; sourceTree = "<group>"; };
		19517A7324A4198E00BEBD25 /* CreditCard.swift */ = {isa = PBXFileReference; lastKnownFileType = sourcecode.swift; path = CreditCard.swift; sourceTree = "<group>"; };
		19517A7524A423EC00BEBD25 /* StringProtocolEX.swift */ = {isa = PBXFileReference; lastKnownFileType = sourcecode.swift; path = StringProtocolEX.swift; sourceTree = "<group>"; };
		19517A7724A4264100BEBD25 /* SequenceEX.swift */ = {isa = PBXFileReference; lastKnownFileType = sourcecode.swift; path = SequenceEX.swift; sourceTree = "<group>"; };
		19517A7A24A647E600BEBD25 /* PhoneNumber.swift */ = {isa = PBXFileReference; lastKnownFileType = sourcecode.swift; path = PhoneNumber.swift; sourceTree = "<group>"; };
		19517A7C24A647F900BEBD25 /* TextFieldType.swift */ = {isa = PBXFileReference; lastKnownFileType = sourcecode.swift; path = TextFieldType.swift; sourceTree = "<group>"; };
		19517A7E24A6532F00BEBD25 /* CustomText.swift */ = {isa = PBXFileReference; lastKnownFileType = sourcecode.swift; path = CustomText.swift; sourceTree = "<group>"; };
		19517A8124A68D3700BEBD25 /* CreditCardMock.swift */ = {isa = PBXFileReference; lastKnownFileType = sourcecode.swift; path = CreditCardMock.swift; sourceTree = "<group>"; };
		19517A8324A68EF800BEBD25 /* CreditCardTests.swift */ = {isa = PBXFileReference; lastKnownFileType = sourcecode.swift; path = CreditCardTests.swift; sourceTree = "<group>"; };
		19517A8624A6D98E00BEBD25 /* CreditCardType.swift */ = {isa = PBXFileReference; lastKnownFileType = sourcecode.swift; path = CreditCardType.swift; sourceTree = "<group>"; };
		19517A8824A6D9AF00BEBD25 /* CreditCardManager.swift */ = {isa = PBXFileReference; lastKnownFileType = sourcecode.swift; path = CreditCardManager.swift; sourceTree = "<group>"; };
		19A76D8324B3E0B600E23919 /* TextFieldContainer.swift */ = {isa = PBXFileReference; lastKnownFileType = sourcecode.swift; path = TextFieldContainer.swift; sourceTree = "<group>"; };
		19A76D8524B3FC8800E23919 /* FieldType.swift */ = {isa = PBXFileReference; lastKnownFileType = sourcecode.swift; path = FieldType.swift; sourceTree = "<group>"; };
		19A992C0249BF5A90057CDF2 /* Zorro.app */ = {isa = PBXFileReference; explicitFileType = wrapper.application; includeInIndex = 0; path = Zorro.app; sourceTree = BUILT_PRODUCTS_DIR; };
		19A992C3249BF5A90057CDF2 /* AppDelegate.swift */ = {isa = PBXFileReference; lastKnownFileType = sourcecode.swift; path = AppDelegate.swift; sourceTree = "<group>"; };
		19A992C5249BF5A90057CDF2 /* SceneDelegate.swift */ = {isa = PBXFileReference; lastKnownFileType = sourcecode.swift; path = SceneDelegate.swift; sourceTree = "<group>"; };
		19A992C7249BF5A90057CDF2 /* ContentView.swift */ = {isa = PBXFileReference; lastKnownFileType = sourcecode.swift; path = ContentView.swift; sourceTree = "<group>"; };
		19A992C9249BF5AD0057CDF2 /* Assets.xcassets */ = {isa = PBXFileReference; lastKnownFileType = folder.assetcatalog; path = Assets.xcassets; sourceTree = "<group>"; };
		19A992CC249BF5AD0057CDF2 /* Preview Assets.xcassets */ = {isa = PBXFileReference; lastKnownFileType = folder.assetcatalog; path = "Preview Assets.xcassets"; sourceTree = "<group>"; };
		19A992CF249BF5AD0057CDF2 /* Base */ = {isa = PBXFileReference; lastKnownFileType = file.storyboard; name = Base; path = Base.lproj/LaunchScreen.storyboard; sourceTree = "<group>"; };
		19A992D1249BF5AD0057CDF2 /* Info.plist */ = {isa = PBXFileReference; lastKnownFileType = text.plist.xml; path = Info.plist; sourceTree = "<group>"; };
		19A992D6249BF5AD0057CDF2 /* ZorroTests.xctest */ = {isa = PBXFileReference; explicitFileType = wrapper.cfbundle; includeInIndex = 0; path = ZorroTests.xctest; sourceTree = BUILT_PRODUCTS_DIR; };
		19A992DA249BF5AD0057CDF2 /* ZorroTests.swift */ = {isa = PBXFileReference; lastKnownFileType = sourcecode.swift; path = ZorroTests.swift; sourceTree = "<group>"; };
		19A992DC249BF5AD0057CDF2 /* Info.plist */ = {isa = PBXFileReference; lastKnownFileType = text.plist.xml; path = Info.plist; sourceTree = "<group>"; };
		19A992E1249BF5AD0057CDF2 /* ZorroUITests.xctest */ = {isa = PBXFileReference; explicitFileType = wrapper.cfbundle; includeInIndex = 0; path = ZorroUITests.xctest; sourceTree = BUILT_PRODUCTS_DIR; };
		19A992E5249BF5AD0057CDF2 /* ZorroUITests.swift */ = {isa = PBXFileReference; lastKnownFileType = sourcecode.swift; path = ZorroUITests.swift; sourceTree = "<group>"; };
		19A992E7249BF5AD0057CDF2 /* Info.plist */ = {isa = PBXFileReference; lastKnownFileType = text.plist.xml; path = Info.plist; sourceTree = "<group>"; };
		19A992F3249BF98B0057CDF2 /* MaskedTextField.swift */ = {isa = PBXFileReference; lastKnownFileType = sourcecode.swift; path = MaskedTextField.swift; sourceTree = "<group>"; };
		19A992F5249BFFD10057CDF2 /* TextFieldValidator.swift */ = {isa = PBXFileReference; lastKnownFileType = sourcecode.swift; path = TextFieldValidator.swift; sourceTree = "<group>"; };
		19DB5B4724A920CE00E2C498 /* MockCreditCardData.swift */ = {isa = PBXFileReference; lastKnownFileType = sourcecode.swift; path = MockCreditCardData.swift; sourceTree = "<group>"; };
/* End PBXFileReference section */

/* Begin PBXFrameworksBuildPhase section */
		19A992BD249BF5A90057CDF2 /* Frameworks */ = {
			isa = PBXFrameworksBuildPhase;
			buildActionMask = 2147483647;
			files = (
			);
			runOnlyForDeploymentPostprocessing = 0;
		};
		19A992D3249BF5AD0057CDF2 /* Frameworks */ = {
			isa = PBXFrameworksBuildPhase;
			buildActionMask = 2147483647;
			files = (
			);
			runOnlyForDeploymentPostprocessing = 0;
		};
		19A992DE249BF5AD0057CDF2 /* Frameworks */ = {
			isa = PBXFrameworksBuildPhase;
			buildActionMask = 2147483647;
			files = (
			);
			runOnlyForDeploymentPostprocessing = 0;
		};
/* End PBXFrameworksBuildPhase section */

/* Begin PBXGroup section */
		190D1BC024AB9E800000EB2E /* Extensions */ = {
			isa = PBXGroup;
			children = (
				19517A7524A423EC00BEBD25 /* StringProtocolEX.swift */,
				19517A7724A4264100BEBD25 /* SequenceEX.swift */,
			);
			path = Extensions;
			sourceTree = "<group>";
		};
		190D1BC124ABA4640000EB2E /* CustomText */ = {
			isa = PBXGroup;
			children = (
				19517A7E24A6532F00BEBD25 /* CustomText.swift */,
				190D1BC224ABA4720000EB2E /* CustomTextProperties.swift */,
			);
			path = CustomText;
			sourceTree = "<group>";
		};
		19517A7924A647CD00BEBD25 /* TextFieldTypes */ = {
			isa = PBXGroup;
			children = (
				190D1BC124ABA4640000EB2E /* CustomText */,
				19517A8524A6D96500BEBD25 /* CreditCard */,
				19517A7C24A647F900BEBD25 /* TextFieldType.swift */,
				19A992F5249BFFD10057CDF2 /* TextFieldValidator.swift */,
				19517A7A24A647E600BEBD25 /* PhoneNumber.swift */,
				19A76D8524B3FC8800E23919 /* FieldType.swift */,
			);
			path = TextFieldTypes;
			sourceTree = "<group>";
		};
		19517A8024A68D2E00BEBD25 /* Mocks */ = {
			isa = PBXGroup;
			children = (
				19517A8124A68D3700BEBD25 /* CreditCardMock.swift */,
				19DB5B4724A920CE00E2C498 /* MockCreditCardData.swift */,
			);
			path = Mocks;
			sourceTree = "<group>";
		};
		19517A8524A6D96500BEBD25 /* CreditCard */ = {
			isa = PBXGroup;
			children = (
				19517A7324A4198E00BEBD25 /* CreditCard.swift */,
				19517A8624A6D98E00BEBD25 /* CreditCardType.swift */,
				19517A8824A6D9AF00BEBD25 /* CreditCardManager.swift */,
			);
			path = CreditCard;
			sourceTree = "<group>";
		};
		19A992B7249BF5A90057CDF2 = {
			isa = PBXGroup;
			children = (
				19A992C2249BF5A90057CDF2 /* Zorro */,
				19A992D9249BF5AD0057CDF2 /* ZorroTests */,
				19A992E4249BF5AD0057CDF2 /* ZorroUITests */,
				19A992C1249BF5A90057CDF2 /* Products */,
			);
			sourceTree = "<group>";
		};
		19A992C1249BF5A90057CDF2 /* Products */ = {
			isa = PBXGroup;
			children = (
				19A992C0249BF5A90057CDF2 /* Zorro.app */,
				19A992D6249BF5AD0057CDF2 /* ZorroTests.xctest */,
				19A992E1249BF5AD0057CDF2 /* ZorroUITests.xctest */,
			);
			name = Products;
			sourceTree = "<group>";
		};
		19A992C2249BF5A90057CDF2 /* Zorro */ = {
			isa = PBXGroup;
			children = (
				19A992C3249BF5A90057CDF2 /* AppDelegate.swift */,
				19A992C5249BF5A90057CDF2 /* SceneDelegate.swift */,
				19A992C7249BF5A90057CDF2 /* ContentView.swift */,
				19A992F3249BF98B0057CDF2 /* MaskedTextField.swift */,
				19A76D8324B3E0B600E23919 /* TextFieldContainer.swift */,
				19517A7924A647CD00BEBD25 /* TextFieldTypes */,
				190D1BC024AB9E800000EB2E /* Extensions */,
				19A992C9249BF5AD0057CDF2 /* Assets.xcassets */,
				19A992CE249BF5AD0057CDF2 /* LaunchScreen.storyboard */,
				19A992D1249BF5AD0057CDF2 /* Info.plist */,
				19A992CB249BF5AD0057CDF2 /* Preview Content */,
			);
			path = Zorro;
			sourceTree = "<group>";
		};
		19A992CB249BF5AD0057CDF2 /* Preview Content */ = {
			isa = PBXGroup;
			children = (
				19A992CC249BF5AD0057CDF2 /* Preview Assets.xcassets */,
			);
			path = "Preview Content";
			sourceTree = "<group>";
		};
		19A992D9249BF5AD0057CDF2 /* ZorroTests */ = {
			isa = PBXGroup;
			children = (
				19517A8024A68D2E00BEBD25 /* Mocks */,
				19A992DA249BF5AD0057CDF2 /* ZorroTests.swift */,
				19517A8324A68EF800BEBD25 /* CreditCardTests.swift */,
				19A992DC249BF5AD0057CDF2 /* Info.plist */,
			);
			path = ZorroTests;
			sourceTree = "<group>";
		};
		19A992E4249BF5AD0057CDF2 /* ZorroUITests */ = {
			isa = PBXGroup;
			children = (
				19A992E5249BF5AD0057CDF2 /* ZorroUITests.swift */,
				19A992E7249BF5AD0057CDF2 /* Info.plist */,
			);
			path = ZorroUITests;
			sourceTree = "<group>";
		};
/* End PBXGroup section */

/* Begin PBXNativeTarget section */
		19A992BF249BF5A90057CDF2 /* Zorro */ = {
			isa = PBXNativeTarget;
			buildConfigurationList = 19A992EA249BF5AD0057CDF2 /* Build configuration list for PBXNativeTarget "Zorro" */;
			buildPhases = (
				19A992BC249BF5A90057CDF2 /* Sources */,
				19A992BD249BF5A90057CDF2 /* Frameworks */,
				19A992BE249BF5A90057CDF2 /* Resources */,
			);
			buildRules = (
			);
			dependencies = (
			);
			name = Zorro;
			productName = Zorro;
			productReference = 19A992C0249BF5A90057CDF2 /* Zorro.app */;
			productType = "com.apple.product-type.application";
		};
		19A992D5249BF5AD0057CDF2 /* ZorroTests */ = {
			isa = PBXNativeTarget;
			buildConfigurationList = 19A992ED249BF5AD0057CDF2 /* Build configuration list for PBXNativeTarget "ZorroTests" */;
			buildPhases = (
				19A992D2249BF5AD0057CDF2 /* Sources */,
				19A992D3249BF5AD0057CDF2 /* Frameworks */,
				19A992D4249BF5AD0057CDF2 /* Resources */,
			);
			buildRules = (
			);
			dependencies = (
				19A992D8249BF5AD0057CDF2 /* PBXTargetDependency */,
			);
			name = ZorroTests;
			productName = ZorroTests;
			productReference = 19A992D6249BF5AD0057CDF2 /* ZorroTests.xctest */;
			productType = "com.apple.product-type.bundle.unit-test";
		};
		19A992E0249BF5AD0057CDF2 /* ZorroUITests */ = {
			isa = PBXNativeTarget;
			buildConfigurationList = 19A992F0249BF5AD0057CDF2 /* Build configuration list for PBXNativeTarget "ZorroUITests" */;
			buildPhases = (
				19A992DD249BF5AD0057CDF2 /* Sources */,
				19A992DE249BF5AD0057CDF2 /* Frameworks */,
				19A992DF249BF5AD0057CDF2 /* Resources */,
			);
			buildRules = (
			);
			dependencies = (
				19A992E3249BF5AD0057CDF2 /* PBXTargetDependency */,
			);
			name = ZorroUITests;
			productName = ZorroUITests;
			productReference = 19A992E1249BF5AD0057CDF2 /* ZorroUITests.xctest */;
			productType = "com.apple.product-type.bundle.ui-testing";
		};
/* End PBXNativeTarget section */

/* Begin PBXProject section */
		19A992B8249BF5A90057CDF2 /* Project object */ = {
			isa = PBXProject;
			attributes = {
				LastSwiftUpdateCheck = 1150;
				LastUpgradeCheck = 1150;
				ORGANIZATIONNAME = "Alex Jang";
				TargetAttributes = {
					19A992BF249BF5A90057CDF2 = {
						CreatedOnToolsVersion = 11.5;
					};
					19A992D5249BF5AD0057CDF2 = {
						CreatedOnToolsVersion = 11.5;
						TestTargetID = 19A992BF249BF5A90057CDF2;
					};
					19A992E0249BF5AD0057CDF2 = {
						CreatedOnToolsVersion = 11.5;
						TestTargetID = 19A992BF249BF5A90057CDF2;
					};
				};
			};
			buildConfigurationList = 19A992BB249BF5A90057CDF2 /* Build configuration list for PBXProject "Zorro" */;
			compatibilityVersion = "Xcode 9.3";
			developmentRegion = en;
			hasScannedForEncodings = 0;
			knownRegions = (
				en,
				Base,
			);
			mainGroup = 19A992B7249BF5A90057CDF2;
			productRefGroup = 19A992C1249BF5A90057CDF2 /* Products */;
			projectDirPath = "";
			projectRoot = "";
			targets = (
				19A992BF249BF5A90057CDF2 /* Zorro */,
				19A992D5249BF5AD0057CDF2 /* ZorroTests */,
				19A992E0249BF5AD0057CDF2 /* ZorroUITests */,
			);
		};
/* End PBXProject section */

/* Begin PBXResourcesBuildPhase section */
		19A992BE249BF5A90057CDF2 /* Resources */ = {
			isa = PBXResourcesBuildPhase;
			buildActionMask = 2147483647;
			files = (
				19A992D0249BF5AD0057CDF2 /* LaunchScreen.storyboard in Resources */,
				19A992CD249BF5AD0057CDF2 /* Preview Assets.xcassets in Resources */,
				19A992CA249BF5AD0057CDF2 /* Assets.xcassets in Resources */,
			);
			runOnlyForDeploymentPostprocessing = 0;
		};
		19A992D4249BF5AD0057CDF2 /* Resources */ = {
			isa = PBXResourcesBuildPhase;
			buildActionMask = 2147483647;
			files = (
			);
			runOnlyForDeploymentPostprocessing = 0;
		};
		19A992DF249BF5AD0057CDF2 /* Resources */ = {
			isa = PBXResourcesBuildPhase;
			buildActionMask = 2147483647;
			files = (
			);
			runOnlyForDeploymentPostprocessing = 0;
		};
/* End PBXResourcesBuildPhase section */

/* Begin PBXSourcesBuildPhase section */
		19A992BC249BF5A90057CDF2 /* Sources */ = {
			isa = PBXSourcesBuildPhase;
			buildActionMask = 2147483647;
			files = (
				19A76D8624B3FC8800E23919 /* FieldType.swift in Sources */,
				19517A7424A4198E00BEBD25 /* CreditCard.swift in Sources */,
				19A76D8424B3E0B600E23919 /* TextFieldContainer.swift in Sources */,
				19517A7F24A6532F00BEBD25 /* CustomText.swift in Sources */,
				190D1BC324ABA4720000EB2E /* CustomTextProperties.swift in Sources */,
				19517A7824A4264100BEBD25 /* SequenceEX.swift in Sources */,
				19517A7B24A647E600BEBD25 /* PhoneNumber.swift in Sources */,
				19A992F6249BFFD10057CDF2 /* TextFieldValidator.swift in Sources */,
				19A992C4249BF5A90057CDF2 /* AppDelegate.swift in Sources */,
				19517A8724A6D98E00BEBD25 /* CreditCardType.swift in Sources */,
				19517A7D24A647F900BEBD25 /* TextFieldType.swift in Sources */,
				19A992C6249BF5A90057CDF2 /* SceneDelegate.swift in Sources */,
				19517A7624A423EC00BEBD25 /* StringProtocolEX.swift in Sources */,
				19A992F4249BF98B0057CDF2 /* MaskedTextField.swift in Sources */,
				19517A8924A6D9AF00BEBD25 /* CreditCardManager.swift in Sources */,
				19A992C8249BF5A90057CDF2 /* ContentView.swift in Sources */,
			);
			runOnlyForDeploymentPostprocessing = 0;
		};
		19A992D2249BF5AD0057CDF2 /* Sources */ = {
			isa = PBXSourcesBuildPhase;
			buildActionMask = 2147483647;
			files = (
				19DB5B4824A920CE00E2C498 /* MockCreditCardData.swift in Sources */,
				19517A8224A68D3700BEBD25 /* CreditCardMock.swift in Sources */,
				19517A8424A68EF800BEBD25 /* CreditCardTests.swift in Sources */,
				19A992DB249BF5AD0057CDF2 /* ZorroTests.swift in Sources */,
			);
			runOnlyForDeploymentPostprocessing = 0;
		};
		19A992DD249BF5AD0057CDF2 /* Sources */ = {
			isa = PBXSourcesBuildPhase;
			buildActionMask = 2147483647;
			files = (
				19A992E6249BF5AD0057CDF2 /* ZorroUITests.swift in Sources */,
			);
			runOnlyForDeploymentPostprocessing = 0;
		};
/* End PBXSourcesBuildPhase section */

/* Begin PBXTargetDependency section */
		19A992D8249BF5AD0057CDF2 /* PBXTargetDependency */ = {
			isa = PBXTargetDependency;
			target = 19A992BF249BF5A90057CDF2 /* Zorro */;
			targetProxy = 19A992D7249BF5AD0057CDF2 /* PBXContainerItemProxy */;
		};
		19A992E3249BF5AD0057CDF2 /* PBXTargetDependency */ = {
			isa = PBXTargetDependency;
			target = 19A992BF249BF5A90057CDF2 /* Zorro */;
			targetProxy = 19A992E2249BF5AD0057CDF2 /* PBXContainerItemProxy */;
		};
/* End PBXTargetDependency section */

/* Begin PBXVariantGroup section */
		19A992CE249BF5AD0057CDF2 /* LaunchScreen.storyboard */ = {
			isa = PBXVariantGroup;
			children = (
				19A992CF249BF5AD0057CDF2 /* Base */,
			);
			name = LaunchScreen.storyboard;
			sourceTree = "<group>";
		};
/* End PBXVariantGroup section */

/* Begin XCBuildConfiguration section */
		19A992E8249BF5AD0057CDF2 /* Debug */ = {
			isa = XCBuildConfiguration;
			buildSettings = {
				ALWAYS_SEARCH_USER_PATHS = NO;
				CLANG_ANALYZER_NONNULL = YES;
				CLANG_ANALYZER_NUMBER_OBJECT_CONVERSION = YES_AGGRESSIVE;
				CLANG_CXX_LANGUAGE_STANDARD = "gnu++14";
				CLANG_CXX_LIBRARY = "libc++";
				CLANG_ENABLE_MODULES = YES;
				CLANG_ENABLE_OBJC_ARC = YES;
				CLANG_ENABLE_OBJC_WEAK = YES;
				CLANG_WARN_BLOCK_CAPTURE_AUTORELEASING = YES;
				CLANG_WARN_BOOL_CONVERSION = YES;
				CLANG_WARN_COMMA = YES;
				CLANG_WARN_CONSTANT_CONVERSION = YES;
				CLANG_WARN_DEPRECATED_OBJC_IMPLEMENTATIONS = YES;
				CLANG_WARN_DIRECT_OBJC_ISA_USAGE = YES_ERROR;
				CLANG_WARN_DOCUMENTATION_COMMENTS = YES;
				CLANG_WARN_EMPTY_BODY = YES;
				CLANG_WARN_ENUM_CONVERSION = YES;
				CLANG_WARN_INFINITE_RECURSION = YES;
				CLANG_WARN_INT_CONVERSION = YES;
				CLANG_WARN_NON_LITERAL_NULL_CONVERSION = YES;
				CLANG_WARN_OBJC_IMPLICIT_RETAIN_SELF = YES;
				CLANG_WARN_OBJC_LITERAL_CONVERSION = YES;
				CLANG_WARN_OBJC_ROOT_CLASS = YES_ERROR;
				CLANG_WARN_RANGE_LOOP_ANALYSIS = YES;
				CLANG_WARN_STRICT_PROTOTYPES = YES;
				CLANG_WARN_SUSPICIOUS_MOVE = YES;
				CLANG_WARN_UNGUARDED_AVAILABILITY = YES_AGGRESSIVE;
				CLANG_WARN_UNREACHABLE_CODE = YES;
				CLANG_WARN__DUPLICATE_METHOD_MATCH = YES;
				COPY_PHASE_STRIP = NO;
				DEBUG_INFORMATION_FORMAT = dwarf;
				ENABLE_STRICT_OBJC_MSGSEND = YES;
				ENABLE_TESTABILITY = YES;
				GCC_C_LANGUAGE_STANDARD = gnu11;
				GCC_DYNAMIC_NO_PIC = NO;
				GCC_NO_COMMON_BLOCKS = YES;
				GCC_OPTIMIZATION_LEVEL = 0;
				GCC_PREPROCESSOR_DEFINITIONS = (
					"DEBUG=1",
					"$(inherited)",
				);
				GCC_WARN_64_TO_32_BIT_CONVERSION = YES;
				GCC_WARN_ABOUT_RETURN_TYPE = YES_ERROR;
				GCC_WARN_UNDECLARED_SELECTOR = YES;
				GCC_WARN_UNINITIALIZED_AUTOS = YES_AGGRESSIVE;
				GCC_WARN_UNUSED_FUNCTION = YES;
				GCC_WARN_UNUSED_VARIABLE = YES;
				IPHONEOS_DEPLOYMENT_TARGET = 13.5;
				MTL_ENABLE_DEBUG_INFO = INCLUDE_SOURCE;
				MTL_FAST_MATH = YES;
				ONLY_ACTIVE_ARCH = YES;
				SDKROOT = iphoneos;
				SWIFT_ACTIVE_COMPILATION_CONDITIONS = DEBUG;
				SWIFT_OPTIMIZATION_LEVEL = "-Onone";
			};
			name = Debug;
		};
		19A992E9249BF5AD0057CDF2 /* Release */ = {
			isa = XCBuildConfiguration;
			buildSettings = {
				ALWAYS_SEARCH_USER_PATHS = NO;
				CLANG_ANALYZER_NONNULL = YES;
				CLANG_ANALYZER_NUMBER_OBJECT_CONVERSION = YES_AGGRESSIVE;
				CLANG_CXX_LANGUAGE_STANDARD = "gnu++14";
				CLANG_CXX_LIBRARY = "libc++";
				CLANG_ENABLE_MODULES = YES;
				CLANG_ENABLE_OBJC_ARC = YES;
				CLANG_ENABLE_OBJC_WEAK = YES;
				CLANG_WARN_BLOCK_CAPTURE_AUTORELEASING = YES;
				CLANG_WARN_BOOL_CONVERSION = YES;
				CLANG_WARN_COMMA = YES;
				CLANG_WARN_CONSTANT_CONVERSION = YES;
				CLANG_WARN_DEPRECATED_OBJC_IMPLEMENTATIONS = YES;
				CLANG_WARN_DIRECT_OBJC_ISA_USAGE = YES_ERROR;
				CLANG_WARN_DOCUMENTATION_COMMENTS = YES;
				CLANG_WARN_EMPTY_BODY = YES;
				CLANG_WARN_ENUM_CONVERSION = YES;
				CLANG_WARN_INFINITE_RECURSION = YES;
				CLANG_WARN_INT_CONVERSION = YES;
				CLANG_WARN_NON_LITERAL_NULL_CONVERSION = YES;
				CLANG_WARN_OBJC_IMPLICIT_RETAIN_SELF = YES;
				CLANG_WARN_OBJC_LITERAL_CONVERSION = YES;
				CLANG_WARN_OBJC_ROOT_CLASS = YES_ERROR;
				CLANG_WARN_RANGE_LOOP_ANALYSIS = YES;
				CLANG_WARN_STRICT_PROTOTYPES = YES;
				CLANG_WARN_SUSPICIOUS_MOVE = YES;
				CLANG_WARN_UNGUARDED_AVAILABILITY = YES_AGGRESSIVE;
				CLANG_WARN_UNREACHABLE_CODE = YES;
				CLANG_WARN__DUPLICATE_METHOD_MATCH = YES;
				COPY_PHASE_STRIP = NO;
				DEBUG_INFORMATION_FORMAT = "dwarf-with-dsym";
				ENABLE_NS_ASSERTIONS = NO;
				ENABLE_STRICT_OBJC_MSGSEND = YES;
				GCC_C_LANGUAGE_STANDARD = gnu11;
				GCC_NO_COMMON_BLOCKS = YES;
				GCC_WARN_64_TO_32_BIT_CONVERSION = YES;
				GCC_WARN_ABOUT_RETURN_TYPE = YES_ERROR;
				GCC_WARN_UNDECLARED_SELECTOR = YES;
				GCC_WARN_UNINITIALIZED_AUTOS = YES_AGGRESSIVE;
				GCC_WARN_UNUSED_FUNCTION = YES;
				GCC_WARN_UNUSED_VARIABLE = YES;
				IPHONEOS_DEPLOYMENT_TARGET = 13.5;
				MTL_ENABLE_DEBUG_INFO = NO;
				MTL_FAST_MATH = YES;
				SDKROOT = iphoneos;
				SWIFT_COMPILATION_MODE = wholemodule;
				SWIFT_OPTIMIZATION_LEVEL = "-O";
				VALIDATE_PRODUCT = YES;
			};
			name = Release;
		};
		19A992EB249BF5AD0057CDF2 /* Debug */ = {
			isa = XCBuildConfiguration;
			buildSettings = {
				ASSETCATALOG_COMPILER_APPICON_NAME = AppIcon;
				CODE_SIGN_STYLE = Automatic;
				DEVELOPMENT_ASSET_PATHS = "\"Zorro/Preview Content\"";
				DEVELOPMENT_TEAM = 58425LLN9B;
				ENABLE_PREVIEWS = YES;
				INFOPLIST_FILE = Zorro/Info.plist;
				LD_RUNPATH_SEARCH_PATHS = (
					"$(inherited)",
					"@executable_path/Frameworks",
				);
				PRODUCT_BUNDLE_IDENTIFIER = ajang.Zorro;
				PRODUCT_NAME = "$(TARGET_NAME)";
				SWIFT_VERSION = 5.0;
				TARGETED_DEVICE_FAMILY = "1,2";
			};
			name = Debug;
		};
		19A992EC249BF5AD0057CDF2 /* Release */ = {
			isa = XCBuildConfiguration;
			buildSettings = {
				ASSETCATALOG_COMPILER_APPICON_NAME = AppIcon;
				CODE_SIGN_STYLE = Automatic;
				DEVELOPMENT_ASSET_PATHS = "\"Zorro/Preview Content\"";
				DEVELOPMENT_TEAM = 58425LLN9B;
				ENABLE_PREVIEWS = YES;
				INFOPLIST_FILE = Zorro/Info.plist;
				LD_RUNPATH_SEARCH_PATHS = (
					"$(inherited)",
					"@executable_path/Frameworks",
				);
				PRODUCT_BUNDLE_IDENTIFIER = ajang.Zorro;
				PRODUCT_NAME = "$(TARGET_NAME)";
				SWIFT_VERSION = 5.0;
				TARGETED_DEVICE_FAMILY = "1,2";
			};
			name = Release;
		};
		19A992EE249BF5AD0057CDF2 /* Debug */ = {
			isa = XCBuildConfiguration;
			buildSettings = {
				ALWAYS_EMBED_SWIFT_STANDARD_LIBRARIES = YES;
				BUNDLE_LOADER = "$(TEST_HOST)";
				CODE_SIGN_STYLE = Automatic;
				DEVELOPMENT_TEAM = 58425LLN9B;
				INFOPLIST_FILE = ZorroTests/Info.plist;
				IPHONEOS_DEPLOYMENT_TARGET = 13.5;
				LD_RUNPATH_SEARCH_PATHS = (
					"$(inherited)",
					"@executable_path/Frameworks",
					"@loader_path/Frameworks",
				);
				PRODUCT_BUNDLE_IDENTIFIER = ajang.ZorroTests;
				PRODUCT_NAME = "$(TARGET_NAME)";
				SWIFT_VERSION = 5.0;
				TARGETED_DEVICE_FAMILY = "1,2";
				TEST_HOST = "$(BUILT_PRODUCTS_DIR)/Zorro.app/Zorro";
			};
			name = Debug;
		};
		19A992EF249BF5AD0057CDF2 /* Release */ = {
			isa = XCBuildConfiguration;
			buildSettings = {
				ALWAYS_EMBED_SWIFT_STANDARD_LIBRARIES = YES;
				BUNDLE_LOADER = "$(TEST_HOST)";
				CODE_SIGN_STYLE = Automatic;
				DEVELOPMENT_TEAM = 58425LLN9B;
				INFOPLIST_FILE = ZorroTests/Info.plist;
				IPHONEOS_DEPLOYMENT_TARGET = 13.5;
				LD_RUNPATH_SEARCH_PATHS = (
					"$(inherited)",
					"@executable_path/Frameworks",
					"@loader_path/Frameworks",
				);
				PRODUCT_BUNDLE_IDENTIFIER = ajang.ZorroTests;
				PRODUCT_NAME = "$(TARGET_NAME)";
				SWIFT_VERSION = 5.0;
				TARGETED_DEVICE_FAMILY = "1,2";
				TEST_HOST = "$(BUILT_PRODUCTS_DIR)/Zorro.app/Zorro";
			};
			name = Release;
		};
		19A992F1249BF5AD0057CDF2 /* Debug */ = {
			isa = XCBuildConfiguration;
			buildSettings = {
				ALWAYS_EMBED_SWIFT_STANDARD_LIBRARIES = YES;
				CODE_SIGN_STYLE = Automatic;
				DEVELOPMENT_TEAM = 58425LLN9B;
				INFOPLIST_FILE = ZorroUITests/Info.plist;
				LD_RUNPATH_SEARCH_PATHS = (
					"$(inherited)",
					"@executable_path/Frameworks",
					"@loader_path/Frameworks",
				);
				PRODUCT_BUNDLE_IDENTIFIER = ajang.ZorroUITests;
				PRODUCT_NAME = "$(TARGET_NAME)";
				SWIFT_VERSION = 5.0;
				TARGETED_DEVICE_FAMILY = "1,2";
				TEST_TARGET_NAME = Zorro;
			};
			name = Debug;
		};
		19A992F2249BF5AD0057CDF2 /* Release */ = {
			isa = XCBuildConfiguration;
			buildSettings = {
				ALWAYS_EMBED_SWIFT_STANDARD_LIBRARIES = YES;
				CODE_SIGN_STYLE = Automatic;
				DEVELOPMENT_TEAM = 58425LLN9B;
				INFOPLIST_FILE = ZorroUITests/Info.plist;
				LD_RUNPATH_SEARCH_PATHS = (
					"$(inherited)",
					"@executable_path/Frameworks",
					"@loader_path/Frameworks",
				);
				PRODUCT_BUNDLE_IDENTIFIER = ajang.ZorroUITests;
				PRODUCT_NAME = "$(TARGET_NAME)";
				SWIFT_VERSION = 5.0;
				TARGETED_DEVICE_FAMILY = "1,2";
				TEST_TARGET_NAME = Zorro;
			};
			name = Release;
		};
/* End XCBuildConfiguration section */

/* Begin XCConfigurationList section */
		19A992BB249BF5A90057CDF2 /* Build configuration list for PBXProject "Zorro" */ = {
			isa = XCConfigurationList;
			buildConfigurations = (
				19A992E8249BF5AD0057CDF2 /* Debug */,
				19A992E9249BF5AD0057CDF2 /* Release */,
			);
			defaultConfigurationIsVisible = 0;
			defaultConfigurationName = Release;
		};
		19A992EA249BF5AD0057CDF2 /* Build configuration list for PBXNativeTarget "Zorro" */ = {
			isa = XCConfigurationList;
			buildConfigurations = (
				19A992EB249BF5AD0057CDF2 /* Debug */,
				19A992EC249BF5AD0057CDF2 /* Release */,
			);
			defaultConfigurationIsVisible = 0;
			defaultConfigurationName = Release;
		};
		19A992ED249BF5AD0057CDF2 /* Build configuration list for PBXNativeTarget "ZorroTests" */ = {
			isa = XCConfigurationList;
			buildConfigurations = (
				19A992EE249BF5AD0057CDF2 /* Debug */,
				19A992EF249BF5AD0057CDF2 /* Release */,
			);
			defaultConfigurationIsVisible = 0;
			defaultConfigurationName = Release;
		};
		19A992F0249BF5AD0057CDF2 /* Build configuration list for PBXNativeTarget "ZorroUITests" */ = {
			isa = XCConfigurationList;
			buildConfigurations = (
				19A992F1249BF5AD0057CDF2 /* Debug */,
				19A992F2249BF5AD0057CDF2 /* Release */,
			);
			defaultConfigurationIsVisible = 0;
			defaultConfigurationName = Release;
		};
/* End XCConfigurationList section */
	};
	rootObject = 19A992B8249BF5A90057CDF2 /* Project object */;
}
